
Microsoft Visual Studio Solution File, Format Version 12.00
# Visual Studio 14
VisualStudioVersion = 14.0.25420.1
MinimumVisualStudioVersion = 10.0.40219.1
Project("{F14B399A-7131-4C87-9E4B-1186C45EF12D}") = "HCP_DSC_reports", "DSC_NoShow_report\HCP_DSC_reports.rptproj", "{85AF7697-9E1A-451E-BF1E-C2CA545F871F}"
EndProject
Global
	GlobalSection(SolutionConfigurationPlatforms) = preSolution
		Debug|Default = Debug|Default
		DebugLocal|Default = DebugLocal|Default
		Release|Default = Release|Default
	EndGlobalSection
	GlobalSection(ProjectConfigurationPlatforms) = postSolution
		{85AF7697-9E1A-451E-BF1E-C2CA545F871F}.Debug|Default.ActiveCfg = Debug
		{85AF7697-9E1A-451E-BF1E-C2CA545F871F}.Debug|Default.Build.0 = Debug
		{85AF7697-9E1A-451E-BF1E-C2CA545F871F}.Debug|Default.Deploy.0 = Debug
		{85AF7697-9E1A-451E-BF1E-C2CA545F871F}.DebugLocal|Default.ActiveCfg = DebugLocal
		{85AF7697-9E1A-451E-BF1E-C2CA545F871F}.DebugLocal|Default.Build.0 = DebugLocal
		{85AF7697-9E1A-451E-BF1E-C2CA545F871F}.Release|Default.ActiveCfg = Release
		{85AF7697-9E1A-451E-BF1E-C2CA545F871F}.Release|Default.Build.0 = Release
		{85AF7697-9E1A-451E-BF1E-C2CA545F871F}.Release|Default.Deploy.0 = Release
	EndGlobalSection
	GlobalSection(SolutionProperties) = preSolution
		HideSolutionNode = FALSE
	EndGlobalSection
EndGlobal
