
Microsoft Visual Studio Solution File, Format Version 12.00
# Visual Studio 14
VisualStudioVersion = 14.0.25420.1
MinimumVisualStudioVersion = 10.0.40219.1
Project("{F14B399A-7131-4C87-9E4B-1186C45EF12D}") = "Disability_Reports", "Disability_Reports\Disability_Reports.rptproj", "{3C7571C3-BE99-43CC-B4AF-79CA1DF201B4}"
EndProject
Project("{F14B399A-7131-4C87-9E4B-1186C45EF12D}") = "RAC_Reports", "RAC_Reports\RAC_Reports.rptproj", "{0491B1DB-5B4F-4922-997B-EFCD0B0846D4}"
EndProject
Project("{F14B399A-7131-4C87-9E4B-1186C45EF12D}") = "Common_Reports", "Common_Reports\Common_Reports.rptproj", "{A18EC2EA-D76E-4C1B-A36E-F9D908AD70A4}"
EndProject
Project("{F14B399A-7131-4C87-9E4B-1186C45EF12D}") = "Unsorted_DL_FromOriginal", "Unsorted_DL_FromOriginal\Unsorted_DL_FromOriginal.rptproj", "{DCF7763D-56C2-4947-A7BC-C887007E33DF}"
EndProject
Project("{F14B399A-7131-4C87-9E4B-1186C45EF12D}") = "HomeCare_reports", "HomeCare_reports\HomeCare_reports.rptproj", "{E062EDD1-55C7-4D9B-861D-278EF639CFBE}"
EndProject
Global
	GlobalSection(SolutionConfigurationPlatforms) = preSolution
		CC_DEV|Default = CC_DEV|Default
		CC_Prod|Default = CC_Prod|Default
		CC_Train|Default = CC_Train|Default
		CC_UAT|Default = CC_UAT|Default
		ComCareDEV|Default = ComCareDEV|Default
		ComCareProd|Default = ComCareProd|Default
		ComCareTrain|Default = ComCareTrain|Default
		ComCareUAT|Default = ComCareUAT|Default
		Debug|Default = Debug|Default
		DebugLocal|Default = DebugLocal|Default
		Release|Default = Release|Default
	EndGlobalSection
	GlobalSection(ProjectConfigurationPlatforms) = postSolution
		{3C7571C3-BE99-43CC-B4AF-79CA1DF201B4}.CC_DEV|Default.ActiveCfg = ComCareDEV
		{3C7571C3-BE99-43CC-B4AF-79CA1DF201B4}.CC_DEV|Default.Build.0 = ComCareDEV
		{3C7571C3-BE99-43CC-B4AF-79CA1DF201B4}.CC_DEV|Default.Deploy.0 = ComCareDEV
		{3C7571C3-BE99-43CC-B4AF-79CA1DF201B4}.CC_Prod|Default.ActiveCfg = ComCareProd
		{3C7571C3-BE99-43CC-B4AF-79CA1DF201B4}.CC_Prod|Default.Build.0 = ComCareProd
		{3C7571C3-BE99-43CC-B4AF-79CA1DF201B4}.CC_Prod|Default.Deploy.0 = ComCareProd
		{3C7571C3-BE99-43CC-B4AF-79CA1DF201B4}.CC_Train|Default.ActiveCfg = ComCareTrain
		{3C7571C3-BE99-43CC-B4AF-79CA1DF201B4}.CC_Train|Default.Build.0 = ComCareTrain
		{3C7571C3-BE99-43CC-B4AF-79CA1DF201B4}.CC_Train|Default.Deploy.0 = ComCareTrain
		{3C7571C3-BE99-43CC-B4AF-79CA1DF201B4}.CC_UAT|Default.ActiveCfg = ComCareUAT
		{3C7571C3-BE99-43CC-B4AF-79CA1DF201B4}.CC_UAT|Default.Build.0 = ComCareUAT
		{3C7571C3-BE99-43CC-B4AF-79CA1DF201B4}.CC_UAT|Default.Deploy.0 = ComCareUAT
		{3C7571C3-BE99-43CC-B4AF-79CA1DF201B4}.ComCareDEV|Default.ActiveCfg = ComCareDEV
		{3C7571C3-BE99-43CC-B4AF-79CA1DF201B4}.ComCareDEV|Default.Build.0 = ComCareDEV
		{3C7571C3-BE99-43CC-B4AF-79CA1DF201B4}.ComCareDEV|Default.Deploy.0 = ComCareDEV
		{3C7571C3-BE99-43CC-B4AF-79CA1DF201B4}.ComCareProd|Default.ActiveCfg = ComCareProd
		{3C7571C3-BE99-43CC-B4AF-79CA1DF201B4}.ComCareProd|Default.Build.0 = ComCareProd
		{3C7571C3-BE99-43CC-B4AF-79CA1DF201B4}.ComCareProd|Default.Deploy.0 = ComCareProd
		{3C7571C3-BE99-43CC-B4AF-79CA1DF201B4}.ComCareTrain|Default.ActiveCfg = ComCareTrain
		{3C7571C3-BE99-43CC-B4AF-79CA1DF201B4}.ComCareTrain|Default.Build.0 = ComCareTrain
		{3C7571C3-BE99-43CC-B4AF-79CA1DF201B4}.ComCareTrain|Default.Deploy.0 = ComCareTrain
		{3C7571C3-BE99-43CC-B4AF-79CA1DF201B4}.ComCareUAT|Default.ActiveCfg = ComCareUAT
		{3C7571C3-BE99-43CC-B4AF-79CA1DF201B4}.ComCareUAT|Default.Build.0 = ComCareUAT
		{3C7571C3-BE99-43CC-B4AF-79CA1DF201B4}.ComCareUAT|Default.Deploy.0 = ComCareUAT
		{3C7571C3-BE99-43CC-B4AF-79CA1DF201B4}.Debug|Default.ActiveCfg = Debug
		{3C7571C3-BE99-43CC-B4AF-79CA1DF201B4}.Debug|Default.Build.0 = Debug
		{3C7571C3-BE99-43CC-B4AF-79CA1DF201B4}.DebugLocal|Default.ActiveCfg = DebugLocal
		{3C7571C3-BE99-43CC-B4AF-79CA1DF201B4}.DebugLocal|Default.Build.0 = DebugLocal
		{3C7571C3-BE99-43CC-B4AF-79CA1DF201B4}.Release|Default.ActiveCfg = Release
		{3C7571C3-BE99-43CC-B4AF-79CA1DF201B4}.Release|Default.Build.0 = Release
		{3C7571C3-BE99-43CC-B4AF-79CA1DF201B4}.Release|Default.Deploy.0 = Release
		{0491B1DB-5B4F-4922-997B-EFCD0B0846D4}.CC_DEV|Default.ActiveCfg = ComCareDEV
		{0491B1DB-5B4F-4922-997B-EFCD0B0846D4}.CC_DEV|Default.Build.0 = ComCareDEV
		{0491B1DB-5B4F-4922-997B-EFCD0B0846D4}.CC_DEV|Default.Deploy.0 = ComCareDEV
		{0491B1DB-5B4F-4922-997B-EFCD0B0846D4}.CC_Prod|Default.ActiveCfg = ComCareProd
		{0491B1DB-5B4F-4922-997B-EFCD0B0846D4}.CC_Prod|Default.Build.0 = ComCareProd
		{0491B1DB-5B4F-4922-997B-EFCD0B0846D4}.CC_Prod|Default.Deploy.0 = ComCareProd
		{0491B1DB-5B4F-4922-997B-EFCD0B0846D4}.CC_Train|Default.ActiveCfg = ComCareTrain
		{0491B1DB-5B4F-4922-997B-EFCD0B0846D4}.CC_Train|Default.Build.0 = ComCareTrain
		{0491B1DB-5B4F-4922-997B-EFCD0B0846D4}.CC_Train|Default.Deploy.0 = ComCareTrain
		{0491B1DB-5B4F-4922-997B-EFCD0B0846D4}.CC_UAT|Default.ActiveCfg = ComCareUAT
		{0491B1DB-5B4F-4922-997B-EFCD0B0846D4}.CC_UAT|Default.Build.0 = ComCareUAT
		{0491B1DB-5B4F-4922-997B-EFCD0B0846D4}.CC_UAT|Default.Deploy.0 = ComCareUAT
		{0491B1DB-5B4F-4922-997B-EFCD0B0846D4}.ComCareDEV|Default.ActiveCfg = ComCareDEV
		{0491B1DB-5B4F-4922-997B-EFCD0B0846D4}.ComCareDEV|Default.Build.0 = ComCareDEV
		{0491B1DB-5B4F-4922-997B-EFCD0B0846D4}.ComCareDEV|Default.Deploy.0 = ComCareDEV
		{0491B1DB-5B4F-4922-997B-EFCD0B0846D4}.ComCareProd|Default.ActiveCfg = ComCareProd
		{0491B1DB-5B4F-4922-997B-EFCD0B0846D4}.ComCareProd|Default.Build.0 = ComCareProd
		{0491B1DB-5B4F-4922-997B-EFCD0B0846D4}.ComCareProd|Default.Deploy.0 = ComCareProd
		{0491B1DB-5B4F-4922-997B-EFCD0B0846D4}.ComCareTrain|Default.ActiveCfg = ComCareTrain
		{0491B1DB-5B4F-4922-997B-EFCD0B0846D4}.ComCareTrain|Default.Build.0 = ComCareTrain
		{0491B1DB-5B4F-4922-997B-EFCD0B0846D4}.ComCareTrain|Default.Deploy.0 = ComCareTrain
		{0491B1DB-5B4F-4922-997B-EFCD0B0846D4}.ComCareUAT|Default.ActiveCfg = ComCareUAT
		{0491B1DB-5B4F-4922-997B-EFCD0B0846D4}.ComCareUAT|Default.Build.0 = ComCareUAT
		{0491B1DB-5B4F-4922-997B-EFCD0B0846D4}.ComCareUAT|Default.Deploy.0 = ComCareUAT
		{0491B1DB-5B4F-4922-997B-EFCD0B0846D4}.Debug|Default.ActiveCfg = Debug
		{0491B1DB-5B4F-4922-997B-EFCD0B0846D4}.Debug|Default.Build.0 = Debug
		{0491B1DB-5B4F-4922-997B-EFCD0B0846D4}.DebugLocal|Default.ActiveCfg = DebugLocal
		{0491B1DB-5B4F-4922-997B-EFCD0B0846D4}.DebugLocal|Default.Build.0 = DebugLocal
		{0491B1DB-5B4F-4922-997B-EFCD0B0846D4}.Release|Default.ActiveCfg = Release
		{0491B1DB-5B4F-4922-997B-EFCD0B0846D4}.Release|Default.Build.0 = Release
		{0491B1DB-5B4F-4922-997B-EFCD0B0846D4}.Release|Default.Deploy.0 = Release
		{A18EC2EA-D76E-4C1B-A36E-F9D908AD70A4}.CC_DEV|Default.ActiveCfg = ComCareDEV
		{A18EC2EA-D76E-4C1B-A36E-F9D908AD70A4}.CC_DEV|Default.Build.0 = ComCareDEV
		{A18EC2EA-D76E-4C1B-A36E-F9D908AD70A4}.CC_DEV|Default.Deploy.0 = ComCareDEV
		{A18EC2EA-D76E-4C1B-A36E-F9D908AD70A4}.CC_Prod|Default.ActiveCfg = ComCareProd
		{A18EC2EA-D76E-4C1B-A36E-F9D908AD70A4}.CC_Prod|Default.Build.0 = ComCareProd
		{A18EC2EA-D76E-4C1B-A36E-F9D908AD70A4}.CC_Prod|Default.Deploy.0 = ComCareProd
		{A18EC2EA-D76E-4C1B-A36E-F9D908AD70A4}.CC_Train|Default.ActiveCfg = ComCareTrain
		{A18EC2EA-D76E-4C1B-A36E-F9D908AD70A4}.CC_Train|Default.Build.0 = ComCareTrain
		{A18EC2EA-D76E-4C1B-A36E-F9D908AD70A4}.CC_Train|Default.Deploy.0 = ComCareTrain
		{A18EC2EA-D76E-4C1B-A36E-F9D908AD70A4}.CC_UAT|Default.ActiveCfg = ComCareUAT
		{A18EC2EA-D76E-4C1B-A36E-F9D908AD70A4}.CC_UAT|Default.Build.0 = ComCareUAT
		{A18EC2EA-D76E-4C1B-A36E-F9D908AD70A4}.CC_UAT|Default.Deploy.0 = ComCareUAT
		{A18EC2EA-D76E-4C1B-A36E-F9D908AD70A4}.ComCareDEV|Default.ActiveCfg = ComCareDEV
		{A18EC2EA-D76E-4C1B-A36E-F9D908AD70A4}.ComCareDEV|Default.Build.0 = ComCareDEV
		{A18EC2EA-D76E-4C1B-A36E-F9D908AD70A4}.ComCareDEV|Default.Deploy.0 = ComCareDEV
		{A18EC2EA-D76E-4C1B-A36E-F9D908AD70A4}.ComCareProd|Default.ActiveCfg = ComCareProd
		{A18EC2EA-D76E-4C1B-A36E-F9D908AD70A4}.ComCareProd|Default.Build.0 = ComCareProd
		{A18EC2EA-D76E-4C1B-A36E-F9D908AD70A4}.ComCareProd|Default.Deploy.0 = ComCareProd
		{A18EC2EA-D76E-4C1B-A36E-F9D908AD70A4}.ComCareTrain|Default.ActiveCfg = ComCareTrain
		{A18EC2EA-D76E-4C1B-A36E-F9D908AD70A4}.ComCareTrain|Default.Build.0 = ComCareTrain
		{A18EC2EA-D76E-4C1B-A36E-F9D908AD70A4}.ComCareTrain|Default.Deploy.0 = ComCareTrain
		{A18EC2EA-D76E-4C1B-A36E-F9D908AD70A4}.ComCareUAT|Default.ActiveCfg = ComCareUAT
		{A18EC2EA-D76E-4C1B-A36E-F9D908AD70A4}.ComCareUAT|Default.Build.0 = ComCareUAT
		{A18EC2EA-D76E-4C1B-A36E-F9D908AD70A4}.ComCareUAT|Default.Deploy.0 = ComCareUAT
		{A18EC2EA-D76E-4C1B-A36E-F9D908AD70A4}.Debug|Default.ActiveCfg = Debug
		{A18EC2EA-D76E-4C1B-A36E-F9D908AD70A4}.Debug|Default.Build.0 = Debug
		{A18EC2EA-D76E-4C1B-A36E-F9D908AD70A4}.DebugLocal|Default.ActiveCfg = DebugLocal
		{A18EC2EA-D76E-4C1B-A36E-F9D908AD70A4}.DebugLocal|Default.Build.0 = DebugLocal
		{A18EC2EA-D76E-4C1B-A36E-F9D908AD70A4}.Release|Default.ActiveCfg = Release
		{A18EC2EA-D76E-4C1B-A36E-F9D908AD70A4}.Release|Default.Build.0 = Release
		{A18EC2EA-D76E-4C1B-A36E-F9D908AD70A4}.Release|Default.Deploy.0 = Release
		{DCF7763D-56C2-4947-A7BC-C887007E33DF}.CC_DEV|Default.ActiveCfg = Release
		{DCF7763D-56C2-4947-A7BC-C887007E33DF}.CC_DEV|Default.Build.0 = Release
		{DCF7763D-56C2-4947-A7BC-C887007E33DF}.CC_DEV|Default.Deploy.0 = Release
		{DCF7763D-56C2-4947-A7BC-C887007E33DF}.CC_Prod|Default.ActiveCfg = Release
		{DCF7763D-56C2-4947-A7BC-C887007E33DF}.CC_Prod|Default.Build.0 = Release
		{DCF7763D-56C2-4947-A7BC-C887007E33DF}.CC_Prod|Default.Deploy.0 = Release
		{DCF7763D-56C2-4947-A7BC-C887007E33DF}.CC_Train|Default.ActiveCfg = Release
		{DCF7763D-56C2-4947-A7BC-C887007E33DF}.CC_Train|Default.Build.0 = Release
		{DCF7763D-56C2-4947-A7BC-C887007E33DF}.CC_Train|Default.Deploy.0 = Release
		{DCF7763D-56C2-4947-A7BC-C887007E33DF}.CC_UAT|Default.ActiveCfg = Release
		{DCF7763D-56C2-4947-A7BC-C887007E33DF}.CC_UAT|Default.Build.0 = Release
		{DCF7763D-56C2-4947-A7BC-C887007E33DF}.CC_UAT|Default.Deploy.0 = Release
		{DCF7763D-56C2-4947-A7BC-C887007E33DF}.ComCareDEV|Default.ActiveCfg = DebugLocal
		{DCF7763D-56C2-4947-A7BC-C887007E33DF}.ComCareDEV|Default.Build.0 = DebugLocal
		{DCF7763D-56C2-4947-A7BC-C887007E33DF}.ComCareDEV|Default.Deploy.0 = DebugLocal
		{DCF7763D-56C2-4947-A7BC-C887007E33DF}.ComCareProd|Default.ActiveCfg = DebugLocal
		{DCF7763D-56C2-4947-A7BC-C887007E33DF}.ComCareProd|Default.Build.0 = DebugLocal
		{DCF7763D-56C2-4947-A7BC-C887007E33DF}.ComCareProd|Default.Deploy.0 = DebugLocal
		{DCF7763D-56C2-4947-A7BC-C887007E33DF}.ComCareTrain|Default.ActiveCfg = DebugLocal
		{DCF7763D-56C2-4947-A7BC-C887007E33DF}.ComCareTrain|Default.Build.0 = DebugLocal
		{DCF7763D-56C2-4947-A7BC-C887007E33DF}.ComCareTrain|Default.Deploy.0 = DebugLocal
		{DCF7763D-56C2-4947-A7BC-C887007E33DF}.ComCareUAT|Default.ActiveCfg = DebugLocal
		{DCF7763D-56C2-4947-A7BC-C887007E33DF}.ComCareUAT|Default.Build.0 = DebugLocal
		{DCF7763D-56C2-4947-A7BC-C887007E33DF}.ComCareUAT|Default.Deploy.0 = DebugLocal
		{DCF7763D-56C2-4947-A7BC-C887007E33DF}.Debug|Default.ActiveCfg = Debug
		{DCF7763D-56C2-4947-A7BC-C887007E33DF}.Debug|Default.Build.0 = Debug
		{DCF7763D-56C2-4947-A7BC-C887007E33DF}.Debug|Default.Deploy.0 = Debug
		{DCF7763D-56C2-4947-A7BC-C887007E33DF}.DebugLocal|Default.ActiveCfg = DebugLocal
		{DCF7763D-56C2-4947-A7BC-C887007E33DF}.DebugLocal|Default.Build.0 = DebugLocal
		{DCF7763D-56C2-4947-A7BC-C887007E33DF}.Release|Default.ActiveCfg = Release
		{DCF7763D-56C2-4947-A7BC-C887007E33DF}.Release|Default.Build.0 = Release
		{DCF7763D-56C2-4947-A7BC-C887007E33DF}.Release|Default.Deploy.0 = Release
		{E062EDD1-55C7-4D9B-861D-278EF639CFBE}.CC_DEV|Default.ActiveCfg = ComCareDEV
		{E062EDD1-55C7-4D9B-861D-278EF639CFBE}.CC_DEV|Default.Build.0 = ComCareDEV
		{E062EDD1-55C7-4D9B-861D-278EF639CFBE}.CC_DEV|Default.Deploy.0 = ComCareDEV
		{E062EDD1-55C7-4D9B-861D-278EF639CFBE}.CC_Prod|Default.ActiveCfg = ComCareProd
		{E062EDD1-55C7-4D9B-861D-278EF639CFBE}.CC_Prod|Default.Build.0 = ComCareProd
		{E062EDD1-55C7-4D9B-861D-278EF639CFBE}.CC_Prod|Default.Deploy.0 = ComCareProd
		{E062EDD1-55C7-4D9B-861D-278EF639CFBE}.CC_Train|Default.ActiveCfg = ComCareTrain
		{E062EDD1-55C7-4D9B-861D-278EF639CFBE}.CC_Train|Default.Build.0 = ComCareTrain
		{E062EDD1-55C7-4D9B-861D-278EF639CFBE}.CC_Train|Default.Deploy.0 = ComCareTrain
		{E062EDD1-55C7-4D9B-861D-278EF639CFBE}.CC_UAT|Default.ActiveCfg = ComCareUAT
		{E062EDD1-55C7-4D9B-861D-278EF639CFBE}.CC_UAT|Default.Build.0 = ComCareUAT
		{E062EDD1-55C7-4D9B-861D-278EF639CFBE}.CC_UAT|Default.Deploy.0 = ComCareUAT
		{E062EDD1-55C7-4D9B-861D-278EF639CFBE}.ComCareDEV|Default.ActiveCfg = ComCareDEV
		{E062EDD1-55C7-4D9B-861D-278EF639CFBE}.ComCareDEV|Default.Build.0 = ComCareDEV
		{E062EDD1-55C7-4D9B-861D-278EF639CFBE}.ComCareDEV|Default.Deploy.0 = ComCareDEV
		{E062EDD1-55C7-4D9B-861D-278EF639CFBE}.ComCareProd|Default.ActiveCfg = ComCareProd
		{E062EDD1-55C7-4D9B-861D-278EF639CFBE}.ComCareProd|Default.Build.0 = ComCareProd
		{E062EDD1-55C7-4D9B-861D-278EF639CFBE}.ComCareProd|Default.Deploy.0 = ComCareProd
		{E062EDD1-55C7-4D9B-861D-278EF639CFBE}.ComCareTrain|Default.ActiveCfg = ComCareTrain
		{E062EDD1-55C7-4D9B-861D-278EF639CFBE}.ComCareTrain|Default.Build.0 = ComCareTrain
		{E062EDD1-55C7-4D9B-861D-278EF639CFBE}.ComCareTrain|Default.Deploy.0 = ComCareTrain
		{E062EDD1-55C7-4D9B-861D-278EF639CFBE}.ComCareUAT|Default.ActiveCfg = ComCareUAT
		{E062EDD1-55C7-4D9B-861D-278EF639CFBE}.ComCareUAT|Default.Build.0 = ComCareUAT
		{E062EDD1-55C7-4D9B-861D-278EF639CFBE}.ComCareUAT|Default.Deploy.0 = ComCareUAT
		{E062EDD1-55C7-4D9B-861D-278EF639CFBE}.Debug|Default.ActiveCfg = Debug
		{E062EDD1-55C7-4D9B-861D-278EF639CFBE}.Debug|Default.Build.0 = Debug
		{E062EDD1-55C7-4D9B-861D-278EF639CFBE}.Debug|Default.Deploy.0 = Debug
		{E062EDD1-55C7-4D9B-861D-278EF639CFBE}.DebugLocal|Default.ActiveCfg = DebugLocal
		{E062EDD1-55C7-4D9B-861D-278EF639CFBE}.DebugLocal|Default.Build.0 = DebugLocal
		{E062EDD1-55C7-4D9B-861D-278EF639CFBE}.DebugLocal|Default.Deploy.0 = DebugLocal
		{E062EDD1-55C7-4D9B-861D-278EF639CFBE}.Release|Default.ActiveCfg = Release
		{E062EDD1-55C7-4D9B-861D-278EF639CFBE}.Release|Default.Build.0 = Release
		{E062EDD1-55C7-4D9B-861D-278EF639CFBE}.Release|Default.Deploy.0 = Release
	EndGlobalSection
	GlobalSection(SolutionProperties) = preSolution
		HideSolutionNode = FALSE
	EndGlobalSection
EndGlobal
